
Microsoft Visual Studio Solution File, Format Version 12.00
# Visual Studio Version 17
VisualStudioVersion = 17.4.33122.133
MinimumVisualStudioVersion = 10.0.40219.1
Project("{9A19103F-16F7-4668-BE54-9A1E7A4F7556}") = "InformationProcessSupport.Server", "InformationProcessSupport.Server\InformationProcessSupport.Server.csproj", "{41A9D9A7-4CFB-412A-8811-4854FBD03AA1}"
EndProject
Project("{9A19103F-16F7-4668-BE54-9A1E7A4F7556}") = "DiscordBot", "DiscordBot\DiscordBot.csproj", "{F652919F-31EE-47B3-9D73-D9B62DEC96A0}"
EndProject
Global
	GlobalSection(SolutionConfigurationPlatforms) = preSolution
		Debug|Any CPU = Debug|Any CPU
		Release|Any CPU = Release|Any CPU
	EndGlobalSection
	GlobalSection(ProjectConfigurationPlatforms) = postSolution
		{41A9D9A7-4CFB-412A-8811-4854FBD03AA1}.Debug|Any CPU.ActiveCfg = Debug|Any CPU
		{41A9D9A7-4CFB-412A-8811-4854FBD03AA1}.Debug|Any CPU.Build.0 = Debug|Any CPU
		{41A9D9A7-4CFB-412A-8811-4854FBD03AA1}.Release|Any CPU.ActiveCfg = Release|Any CPU
		{41A9D9A7-4CFB-412A-8811-4854FBD03AA1}.Release|Any CPU.Build.0 = Release|Any CPU
		{F652919F-31EE-47B3-9D73-D9B62DEC96A0}.Debug|Any CPU.ActiveCfg = Debug|Any CPU
		{F652919F-31EE-47B3-9D73-D9B62DEC96A0}.Debug|Any CPU.Build.0 = Debug|Any CPU
		{F652919F-31EE-47B3-9D73-D9B62DEC96A0}.Release|Any CPU.ActiveCfg = Release|Any CPU
		{F652919F-31EE-47B3-9D73-D9B62DEC96A0}.Release|Any CPU.Build.0 = Release|Any CPU
	EndGlobalSection
	GlobalSection(SolutionProperties) = preSolution
		HideSolutionNode = FALSE
	EndGlobalSection
	GlobalSection(ExtensibilityGlobals) = postSolution
		SolutionGuid = {48D29CC7-B201-45D9-A1D0-3C1876210258}
	EndGlobalSection
EndGlobal
